
Microsoft Visual Studio Solution File, Format Version 12.00
# Visual Studio Version 17
VisualStudioVersion = 17.5.33627.172
MinimumVisualStudioVersion = 10.0.40219.1
Project("{FAE04EC0-301F-11D3-BF4B-00C04F79EFBC}") = "ApiCuponDescuento", "ApiCuponDescuento\ApiCuponDescuento.csproj", "{E48CE31D-148A-4842-BD22-0E3CD0542DC1}"
EndProject
Global
	GlobalSection(SolutionConfigurationPlatforms) = preSolution
		Debug|Any CPU = Debug|Any CPU
		Release|Any CPU = Release|Any CPU
	EndGlobalSection
	GlobalSection(ProjectConfigurationPlatforms) = postSolution
		{E48CE31D-148A-4842-BD22-0E3CD0542DC1}.Debug|Any CPU.ActiveCfg = Debug|Any CPU
		{E48CE31D-148A-4842-BD22-0E3CD0542DC1}.Debug|Any CPU.Build.0 = Debug|Any CPU
		{E48CE31D-148A-4842-BD22-0E3CD0542DC1}.Release|Any CPU.ActiveCfg = Release|Any CPU
		{E48CE31D-148A-4842-BD22-0E3CD0542DC1}.Release|Any CPU.Build.0 = Release|Any CPU
	EndGlobalSection
	GlobalSection(SolutionProperties) = preSolution
		HideSolutionNode = FALSE
	EndGlobalSection
	GlobalSection(ExtensibilityGlobals) = postSolution
		SolutionGuid = {1D455903-BB63-4C63-B819-E4A56CADE7F0}
	EndGlobalSection
EndGlobal
